
Microsoft Visual Studio Solution File, Format Version 12.00
# Visual Studio Version 17
VisualStudioVersion = 17.5.002.0
MinimumVisualStudioVersion = 10.0.40219.1
Project("{9A19103F-16F7-4668-BE54-9A1E7A4F7556}") = "clase05-pe-Cintia-Alvardo", "clase05-pe-Cintia-Alvardo.csproj", "{D9748AE3-4401-444F-9D1D-43506279909F}"
EndProject
Global
	GlobalSection(SolutionConfigurationPlatforms) = preSolution
		Debug|Any CPU = Debug|Any CPU
		Release|Any CPU = Release|Any CPU
	EndGlobalSection
	GlobalSection(ProjectConfigurationPlatforms) = postSolution
		{D9748AE3-4401-444F-9D1D-43506279909F}.Debug|Any CPU.ActiveCfg = Debug|Any CPU
		{D9748AE3-4401-444F-9D1D-43506279909F}.Debug|Any CPU.Build.0 = Debug|Any CPU
		{D9748AE3-4401-444F-9D1D-43506279909F}.Release|Any CPU.ActiveCfg = Release|Any CPU
		{D9748AE3-4401-444F-9D1D-43506279909F}.Release|Any CPU.Build.0 = Release|Any CPU
	EndGlobalSection
	GlobalSection(SolutionProperties) = preSolution
		HideSolutionNode = FALSE
	EndGlobalSection
	GlobalSection(ExtensibilityGlobals) = postSolution
		SolutionGuid = {67F7832D-79B2-425E-8DCE-7DF1A84C8832}
	EndGlobalSection
EndGlobal
